
Microsoft Visual Studio Solution File, Format Version 12.00
# Visual Studio 15
VisualStudioVersion = 15.0.27703.2000
MinimumVisualStudioVersion = 10.0.40219.1
Project("{FAE04EC0-301F-11D3-BF4B-00C04F79EFBC}") = "TestGithub", "TestGithub\TestGithub.csproj", "{D70CB2CB-1760-4CF0-BC23-6FE31AE92DC1}"
EndProject
Global
	GlobalSection(SolutionConfigurationPlatforms) = preSolution
		Debug|Any CPU = Debug|Any CPU
		Release|Any CPU = Release|Any CPU
	EndGlobalSection
	GlobalSection(ProjectConfigurationPlatforms) = postSolution
		{D70CB2CB-1760-4CF0-BC23-6FE31AE92DC1}.Debug|Any CPU.ActiveCfg = Debug|Any CPU
		{D70CB2CB-1760-4CF0-BC23-6FE31AE92DC1}.Debug|Any CPU.Build.0 = Debug|Any CPU
		{D70CB2CB-1760-4CF0-BC23-6FE31AE92DC1}.Release|Any CPU.ActiveCfg = Release|Any CPU
		{D70CB2CB-1760-4CF0-BC23-6FE31AE92DC1}.Release|Any CPU.Build.0 = Release|Any CPU
	EndGlobalSection
	GlobalSection(SolutionProperties) = preSolution
		HideSolutionNode = FALSE
	EndGlobalSection
	GlobalSection(ExtensibilityGlobals) = postSolution
		SolutionGuid = {C619FBCF-BD2F-411D-9D7F-AE5AF37B74B5}
	EndGlobalSection
EndGlobal
